// !$*UTF8*$!
{
	archiveVersion = 1;
	classes = {
	};
	objectVersion = 60;
	objects = {

/* Begin PBXBuildFile section */
		3F09BB982DF12E7200B5BD37 /* Identifiable+GeneratedModels.swift in Sources */ = {isa = PBXBuildFile; fileRef = 3F09BB972DF12E7200B5BD37 /* Identifiable+GeneratedModels.swift */; };
		3F09BB9A2DF12F2400B5BD37 /* GeneratedAPI in Resources */ = {isa = PBXBuildFile; fileRef = 3F09BB992DF12F2400B5BD37 /* GeneratedAPI */; };
		3F1273812EC91298008A552D /* HardwareID.swift in Sources */ = {isa = PBXBuildFile; fileRef = 3F1273802EC91298008A552D /* HardwareID.swift */; };
		3F1273862EC953E0008A552D /* SignUpView.swift in Sources */ = {isa = PBXBuildFile; fileRef = 3F1273852EC953E0008A552D /* SignUpView.swift */; };
		3F12738A2EC96FBF008A552D /* GroupsView.swift in Sources */ = {isa = PBXBuildFile; fileRef = 3F1273892EC96FBF008A552D /* GroupsView.swift */; };
		3F12738C2EC9717C008A552D /* GroupsViewModel.swift in Sources */ = {isa = PBXBuildFile; fileRef = 3F12738B2EC9717C008A552D /* GroupsViewModel.swift */; };
		3F12738E2EC9717F008A552D /* CreateGroupView.swift in Sources */ = {isa = PBXBuildFile; fileRef = 3F12738D2EC9717F008A552D /* CreateGroupView.swift */; };
		3F1273902EC97184008A552D /* GroupCardView.swift in Sources */ = {isa = PBXBuildFile; fileRef = 3F12738F2EC97184008A552D /* GroupCardView.swift */; };
		3F1273952EC97AF3008A552D /* SettingsView.swift in Sources */ = {isa = PBXBuildFile; fileRef = 3F1273942EC97AF3008A552D /* SettingsView.swift */; };
		3F26C06F2DF1604400AF7FC6 /* AuthService.swift in Sources */ = {isa = PBXBuildFile; fileRef = 3F26C06E2DF1604400AF7FC6 /* AuthService.swift */; };
		3F26C0712DF1607E00AF7FC6 /* GroupService.swift in Sources */ = {isa = PBXBuildFile; fileRef = 3F26C0702DF1607E00AF7FC6 /* GroupService.swift */; };
		3F57A56B2DEE841000EBB402 /* Assets.xcassets in Resources */ = {isa = PBXBuildFile; fileRef = 3F57A56A2DEE841000EBB402 /* Assets.xcassets */; };
		3F57A56E2DEE841000EBB402 /* Preview Assets.xcassets in Resources */ = {isa = PBXBuildFile; fileRef = 3F57A56D2DEE841000EBB402 /* Preview Assets.xcassets */; };
		3F5925F92DF1573900C6575F /* KeyChainHelpper.swift in Sources */ = {isa = PBXBuildFile; fileRef = 3F5925F82DF1573900C6575F /* KeyChainHelpper.swift */; };
		3F5925FB2DF1576D00C6575F /* UserDefaults+Codeable.swift in Sources */ = {isa = PBXBuildFile; fileRef = 3F5925FA2DF1576D00C6575F /* UserDefaults+Codeable.swift */; };
		3F7392FD2DF249B4002791D6 /* LaunchScreen.storyboard in Resources */ = {isa = PBXBuildFile; fileRef = 3F7392FC2DF249B4002791D6 /* LaunchScreen.storyboard */; };
		3F9A0E992EC90B77004D25D9 /* api_generation.sh in Resources */ = {isa = PBXBuildFile; fileRef = 3F9A0E982EC90B6C004D25D9 /* api_generation.sh */; };
		3F9A0E9C2EC90F11004D25D9 /* OpenAPIClient in Frameworks */ = {isa = PBXBuildFile; productRef = 3F9A0E9B2EC90F11004D25D9 /* OpenAPIClient */; };
		3FBCB8B72EC97F73004C7E48 /* APIConfiguration.swift in Sources */ = {isa = PBXBuildFile; fileRef = 3FBCB8B62EC97F73004C7E48 /* APIConfiguration.swift */; };
		3FBCB8BB2ECA426E004C7E48 /* MyGroupsPickerView.swift in Sources */ = {isa = PBXBuildFile; fileRef = 3FBCB8BA2ECA426E004C7E48 /* MyGroupsPickerView.swift */; };
		3FBCB8BD2ECA4272004C7E48 /* CreateGroupViewWithPicker.swift in Sources */ = {isa = PBXBuildFile; fileRef = 3FBCB8BC2ECA4272004C7E48 /* CreateGroupViewWithPicker.swift */; };
		3FBCB8C02ECA567A004C7E48 /* UserService.swift in Sources */ = {isa = PBXBuildFile; fileRef = 3FBCB8BF2ECA5676004C7E48 /* UserService.swift */; };
		3FE621F52DF15D1500F5BD0F /* PulsarrApp.swift in Sources */ = {isa = PBXBuildFile; fileRef = 3FE621F32DF15D1500F5BD0F /* PulsarrApp.swift */; };
		3FE622132DF15F0B00F5BD0F /* SignInView.swift in Sources */ = {isa = PBXBuildFile; fileRef = 3FE622102DF15F0B00F5BD0F /* SignInView.swift */; };
/* End PBXBuildFile section */

/* Begin PBXFileReference section */
		3F09BB972DF12E7200B5BD37 /* Identifiable+GeneratedModels.swift */ = {isa = PBXFileReference; lastKnownFileType = sourcecode.swift; path = "Identifiable+GeneratedModels.swift"; sourceTree = "<group>"; };
		3F09BB992DF12F2400B5BD37 /* GeneratedAPI */ = {isa = PBXFileReference; lastKnownFileType = wrapper; path = GeneratedAPI; sourceTree = "<group>"; };
		3F1273802EC91298008A552D /* HardwareID.swift */ = {isa = PBXFileReference; lastKnownFileType = sourcecode.swift; path = HardwareID.swift; sourceTree = "<group>"; };
		3F1273852EC953E0008A552D /* SignUpView.swift */ = {isa = PBXFileReference; lastKnownFileType = sourcecode.swift; path = SignUpView.swift; sourceTree = "<group>"; };
		3F1273892EC96FBF008A552D /* GroupsView.swift */ = {isa = PBXFileReference; lastKnownFileType = sourcecode.swift; path = GroupsView.swift; sourceTree = "<group>"; };
		3F12738B2EC9717C008A552D /* GroupsViewModel.swift */ = {isa = PBXFileReference; lastKnownFileType = sourcecode.swift; path = GroupsViewModel.swift; sourceTree = "<group>"; };
		3F12738D2EC9717F008A552D /* CreateGroupView.swift */ = {isa = PBXFileReference; lastKnownFileType = sourcecode.swift; path = CreateGroupView.swift; sourceTree = "<group>"; };
		3F12738F2EC97184008A552D /* GroupCardView.swift */ = {isa = PBXFileReference; lastKnownFileType = sourcecode.swift; path = GroupCardView.swift; sourceTree = "<group>"; };
		3F1273942EC97AF3008A552D /* SettingsView.swift */ = {isa = PBXFileReference; lastKnownFileType = sourcecode.swift; path = SettingsView.swift; sourceTree = "<group>"; };
		3F26C06E2DF1604400AF7FC6 /* AuthService.swift */ = {isa = PBXFileReference; lastKnownFileType = sourcecode.swift; path = AuthService.swift; sourceTree = "<group>"; };
		3F26C0702DF1607E00AF7FC6 /* GroupService.swift */ = {isa = PBXFileReference; lastKnownFileType = sourcecode.swift; path = GroupService.swift; sourceTree = "<group>"; };
		3F57A5632DEE840D00EBB402 /* Pulsarr.app */ = {isa = PBXFileReference; explicitFileType = wrapper.application; includeInIndex = 0; path = Pulsarr.app; sourceTree = BUILT_PRODUCTS_DIR; };
		3F57A56A2DEE841000EBB402 /* Assets.xcassets */ = {isa = PBXFileReference; lastKnownFileType = folder.assetcatalog; path = Assets.xcassets; sourceTree = "<group>"; };
		3F57A56D2DEE841000EBB402 /* Preview Assets.xcassets */ = {isa = PBXFileReference; lastKnownFileType = folder.assetcatalog; path = "Preview Assets.xcassets"; sourceTree = "<group>"; };
		3F5925F72DF1547700C6575F /* Info.plist */ = {isa = PBXFileReference; lastKnownFileType = text.plist; path = Info.plist; sourceTree = "<group>"; };
		3F5925F82DF1573900C6575F /* KeyChainHelpper.swift */ = {isa = PBXFileReference; lastKnownFileType = sourcecode.swift; path = KeyChainHelpper.swift; sourceTree = "<group>"; };
		3F5925FA2DF1576D00C6575F /* UserDefaults+Codeable.swift */ = {isa = PBXFileReference; lastKnownFileType = sourcecode.swift; path = "UserDefaults+Codeable.swift"; sourceTree = "<group>"; };
		3F7392FC2DF249B4002791D6 /* LaunchScreen.storyboard */ = {isa = PBXFileReference; lastKnownFileType = file.storyboard; path = LaunchScreen.storyboard; sourceTree = "<group>"; };
		3F9A0E982EC90B6C004D25D9 /* api_generation.sh */ = {isa = PBXFileReference; lastKnownFileType = text.script.sh; path = api_generation.sh; sourceTree = "<group>"; };
		3FBCB8B62EC97F73004C7E48 /* APIConfiguration.swift */ = {isa = PBXFileReference; lastKnownFileType = sourcecode.swift; path = APIConfiguration.swift; sourceTree = "<group>"; };
		3FBCB8BA2ECA426E004C7E48 /* MyGroupsPickerView.swift */ = {isa = PBXFileReference; lastKnownFileType = sourcecode.swift; path = MyGroupsPickerView.swift; sourceTree = "<group>"; };
		3FBCB8BC2ECA4272004C7E48 /* CreateGroupViewWithPicker.swift */ = {isa = PBXFileReference; lastKnownFileType = sourcecode.swift; path = CreateGroupViewWithPicker.swift; sourceTree = "<group>"; };
		3FBCB8BF2ECA5676004C7E48 /* UserService.swift */ = {isa = PBXFileReference; lastKnownFileType = sourcecode.swift; path = UserService.swift; sourceTree = "<group>"; };
		3FE621F32DF15D1500F5BD0F /* PulsarrApp.swift */ = {isa = PBXFileReference; fileEncoding = 4; lastKnownFileType = sourcecode.swift; name = PulsarrApp.swift; path = Pulsarr/App/PulsarrApp.swift; sourceTree = SOURCE_ROOT; };
		3FE622102DF15F0B00F5BD0F /* SignInView.swift */ = {isa = PBXFileReference; fileEncoding = 4; lastKnownFileType = sourcecode.swift; path = SignInView.swift; sourceTree = "<group>"; };
/* End PBXFileReference section */

/* Begin PBXFrameworksBuildPhase section */
		3F57A5602DEE840D00EBB402 /* Frameworks */ = {
			isa = PBXFrameworksBuildPhase;
			buildActionMask = 2147483647;
			files = (
				3F9A0E9C2EC90F11004D25D9 /* OpenAPIClient in Frameworks */,
			);
			runOnlyForDeploymentPostprocessing = 0;
		};
/* End PBXFrameworksBuildPhase section */

/* Begin PBXGroup section */
		3F1273842EC95342008A552D /* Enums */ = {
			isa = PBXGroup;
			children = (
				3F1273802EC91298008A552D /* HardwareID.swift */,
			);
			path = Enums;
			sourceTree = "<group>";
		};
		3F1273912EC97900008A552D /* ViewModels */ = {
			isa = PBXGroup;
			children = (
				3F1273922EC9790F008A552D /* Groups */,
			);
			path = ViewModels;
			sourceTree = "<group>";
		};
		3F1273922EC9790F008A552D /* Groups */ = {
			isa = PBXGroup;
			children = (
				3F12738B2EC9717C008A552D /* GroupsViewModel.swift */,
			);
			path = Groups;
			sourceTree = "<group>";
		};
		3F1273932EC97A2D008A552D /* Settings */ = {
			isa = PBXGroup;
			children = (
				3F1273942EC97AF3008A552D /* SettingsView.swift */,
			);
			path = Settings;
			sourceTree = "<group>";
		};
		3F26C0692DF15FF300AF7FC6 /* Services */ = {
			isa = PBXGroup;
			children = (
				3FBCB8BF2ECA5676004C7E48 /* UserService.swift */,
				3F26C06E2DF1604400AF7FC6 /* AuthService.swift */,
				3F26C0702DF1607E00AF7FC6 /* GroupService.swift */,
			);
			path = Services;
			sourceTree = "<group>";
		};
		3F26C0732DF160C300AF7FC6 /* Authorization */ = {
			isa = PBXGroup;
			children = (
				3FE622102DF15F0B00F5BD0F /* SignInView.swift */,
				3F1273852EC953E0008A552D /* SignUpView.swift */,
			);
			path = Authorization;
			sourceTree = "<group>";
		};
		3F57A55A2DEE840D00EBB402 = {
			isa = PBXGroup;
			children = (
				3F57A5652DEE840D00EBB402 /* Pulsarr */,
				3F9A0E9A2EC90F11004D25D9 /* Frameworks */,
				3F57A5642DEE840D00EBB402 /* Products */,
			);
			sourceTree = "<group>";
		};
		3F57A5642DEE840D00EBB402 /* Products */ = {
			isa = PBXGroup;
			children = (
				3F57A5632DEE840D00EBB402 /* Pulsarr.app */,
			);
			name = Products;
			sourceTree = "<group>";
		};
		3F57A5652DEE840D00EBB402 /* Pulsarr */ = {
			isa = PBXGroup;
			children = (
				3F1273912EC97900008A552D /* ViewModels */,
				3F1273842EC95342008A552D /* Enums */,
				3F9A0E972EC90B5F004D25D9 /* Scripts */,
				3F26C0692DF15FF300AF7FC6 /* Services */,
				3FE6220C2DF15F0B00F5BD0F /* Views */,
				3FE621FE2DF15E7E00F5BD0F /* Persistance */,
				3FE621F72DF15D6200F5BD0F /* Resources */,
				3FE621F12DF15D1500F5BD0F /* App */,
				3F5925F72DF1547700C6575F /* Info.plist */,
				3FBCB8B62EC97F73004C7E48 /* APIConfiguration.swift */,
				3F09BB992DF12F2400B5BD37 /* GeneratedAPI */,
				3F09BB972DF12E7200B5BD37 /* Identifiable+GeneratedModels.swift */,
				3F5925FA2DF1576D00C6575F /* UserDefaults+Codeable.swift */,
			);
			path = Pulsarr;
			sourceTree = "<group>";
		};
		3F57A56C2DEE841000EBB402 /* Preview Content */ = {
			isa = PBXGroup;
			children = (
				3F57A56D2DEE841000EBB402 /* Preview Assets.xcassets */,
			);
			path = "Preview Content";
			sourceTree = "<group>";
		};
		3F9A0E972EC90B5F004D25D9 /* Scripts */ = {
			isa = PBXGroup;
			children = (
				3F9A0E982EC90B6C004D25D9 /* api_generation.sh */,
			);
			path = Scripts;
			sourceTree = "<group>";
		};
		3F9A0E9A2EC90F11004D25D9 /* Frameworks */ = {
			isa = PBXGroup;
			children = (
			);
			name = Frameworks;
			sourceTree = "<group>";
		};
		3FE621F12DF15D1500F5BD0F /* App */ = {
			isa = PBXGroup;
			children = (
				3FE621F32DF15D1500F5BD0F /* PulsarrApp.swift */,
				3F7392FC2DF249B4002791D6 /* LaunchScreen.storyboard */,
			);
			path = App;
			sourceTree = "<group>";
		};
		3FE621F72DF15D6200F5BD0F /* Resources */ = {
			isa = PBXGroup;
			children = (
				3F57A56A2DEE841000EBB402 /* Assets.xcassets */,
				3F57A56C2DEE841000EBB402 /* Preview Content */,
			);
			name = Resources;
			sourceTree = "<group>";
		};
		3FE621FE2DF15E7E00F5BD0F /* Persistance */ = {
			isa = PBXGroup;
			children = (
				3F5925F82DF1573900C6575F /* KeyChainHelpper.swift */,
			);
			path = Persistance;
			sourceTree = "<group>";
		};
		3FE6220C2DF15F0B00F5BD0F /* Views */ = {
			isa = PBXGroup;
			children = (
				3F1273932EC97A2D008A552D /* Settings */,
				3F26C0732DF160C300AF7FC6 /* Authorization */,
				3FE6220E2DF15F0B00F5BD0F /* Group */,
			);
			path = Views;
			sourceTree = "<group>";
		};
		3FE6220E2DF15F0B00F5BD0F /* Group */ = {
			isa = PBXGroup;
			children = (
				3F1273892EC96FBF008A552D /* GroupsView.swift */,
				3F12738D2EC9717F008A552D /* CreateGroupView.swift */,
				3F12738F2EC97184008A552D /* GroupCardView.swift */,
				3FBCB8BA2ECA426E004C7E48 /* MyGroupsPickerView.swift */,
				3FBCB8BC2ECA4272004C7E48 /* CreateGroupViewWithPicker.swift */,
			);
			path = Group;
			sourceTree = "<group>";
		};
/* End PBXGroup section */

/* Begin PBXNativeTarget section */
		3F57A5622DEE840D00EBB402 /* Pulsarr */ = {
			isa = PBXNativeTarget;
			buildConfigurationList = 3F57A5712DEE841000EBB402 /* Build configuration list for PBXNativeTarget "Pulsarr" */;
			buildPhases = (
				3F57A55F2DEE840D00EBB402 /* Sources */,
				3F57A5602DEE840D00EBB402 /* Frameworks */,
				3F57A5612DEE840D00EBB402 /* Resources */,
			);
			buildRules = (
			);
			dependencies = (
			);
			name = Pulsarr;
			packageProductDependencies = (
				3F9A0E9B2EC90F11004D25D9 /* OpenAPIClient */,
			);
			productName = Pulsarr;
			productReference = 3F57A5632DEE840D00EBB402 /* Pulsarr.app */;
			productType = "com.apple.product-type.application";
		};
/* End PBXNativeTarget section */

/* Begin PBXProject section */
		3F57A55B2DEE840D00EBB402 /* Project object */ = {
			isa = PBXProject;
			attributes = {
				BuildIndependentTargetsInParallel = 1;
				LastSwiftUpdateCheck = 1520;
				LastUpgradeCheck = 1520;
				TargetAttributes = {
					3F57A5622DEE840D00EBB402 = {
						CreatedOnToolsVersion = 15.2;
					};
				};
			};
			buildConfigurationList = 3F57A55E2DEE840D00EBB402 /* Build configuration list for PBXProject "Pulsarr" */;
			compatibilityVersion = "Xcode 14.0";
			developmentRegion = en;
			hasScannedForEncodings = 0;
			knownRegions = (
				en,
				Base,
			);
			mainGroup = 3F57A55A2DEE840D00EBB402;
			packageReferences = (
				3F4870E42DF114FA00A59808 /* XCLocalSwiftPackageReference "Pulsarr/GeneratedAPI" */,
			);
			productRefGroup = 3F57A5642DEE840D00EBB402 /* Products */;
			projectDirPath = "";
			projectRoot = "";
			targets = (
				3F57A5622DEE840D00EBB402 /* Pulsarr */,
			);
		};
/* End PBXProject section */

/* Begin PBXResourcesBuildPhase section */
		3F57A5612DEE840D00EBB402 /* Resources */ = {
			isa = PBXResourcesBuildPhase;
			buildActionMask = 2147483647;
			files = (
				3F57A56E2DEE841000EBB402 /* Preview Assets.xcassets in Resources */,
				3F7392FD2DF249B4002791D6 /* LaunchScreen.storyboard in Resources */,
				3F9A0E992EC90B77004D25D9 /* api_generation.sh in Resources */,
				3F09BB9A2DF12F2400B5BD37 /* GeneratedAPI in Resources */,
				3F57A56B2DEE841000EBB402 /* Assets.xcassets in Resources */,
			);
			runOnlyForDeploymentPostprocessing = 0;
		};
/* End PBXResourcesBuildPhase section */

/* Begin PBXSourcesBuildPhase section */
		3F57A55F2DEE840D00EBB402 /* Sources */ = {
			isa = PBXSourcesBuildPhase;
			buildActionMask = 2147483647;
			files = (
				3F1273812EC91298008A552D /* HardwareID.swift in Sources */,
				3FE622132DF15F0B00F5BD0F /* SignInView.swift in Sources */,
				3FBCB8C02ECA567A004C7E48 /* UserService.swift in Sources */,
				3FBCB8BB2ECA426E004C7E48 /* MyGroupsPickerView.swift in Sources */,
				3F12738C2EC9717C008A552D /* GroupsViewModel.swift in Sources */,
				3F26C0712DF1607E00AF7FC6 /* GroupService.swift in Sources */,
				3F12738E2EC9717F008A552D /* CreateGroupView.swift in Sources */,
				3F12738A2EC96FBF008A552D /* GroupsView.swift in Sources */,
				3F1273902EC97184008A552D /* GroupCardView.swift in Sources */,
				3FBCB8B72EC97F73004C7E48 /* APIConfiguration.swift in Sources */,
				3F1273952EC97AF3008A552D /* SettingsView.swift in Sources */,
				3F1273862EC953E0008A552D /* SignUpView.swift in Sources */,
				3F09BB982DF12E7200B5BD37 /* Identifiable+GeneratedModels.swift in Sources */,
				3FBCB8BD2ECA4272004C7E48 /* CreateGroupViewWithPicker.swift in Sources */,
				3FE621F52DF15D1500F5BD0F /* PulsarrApp.swift in Sources */,
				3F5925F92DF1573900C6575F /* KeyChainHelpper.swift in Sources */,
				3F5925FB2DF1576D00C6575F /* UserDefaults+Codeable.swift in Sources */,
				3F26C06F2DF1604400AF7FC6 /* AuthService.swift in Sources */,
			);
			runOnlyForDeploymentPostprocessing = 0;
		};
/* End PBXSourcesBuildPhase section */

/* Begin XCBuildConfiguration section */
		3F57A56F2DEE841000EBB402 /* Debug */ = {
			isa = XCBuildConfiguration;
			buildSettings = {
				ALWAYS_SEARCH_USER_PATHS = NO;
				ASSETCATALOG_COMPILER_GENERATE_SWIFT_ASSET_SYMBOL_EXTENSIONS = YES;
				CLANG_ANALYZER_NONNULL = YES;
				CLANG_ANALYZER_NUMBER_OBJECT_CONVERSION = YES_AGGRESSIVE;
				CLANG_CXX_LANGUAGE_STANDARD = "gnu++20";
				CLANG_ENABLE_MODULES = YES;
				CLANG_ENABLE_OBJC_ARC = YES;
				CLANG_ENABLE_OBJC_WEAK = YES;
				CLANG_WARN_BLOCK_CAPTURE_AUTORELEASING = YES;
				CLANG_WARN_BOOL_CONVERSION = YES;
				CLANG_WARN_COMMA = YES;
				CLANG_WARN_CONSTANT_CONVERSION = YES;
				CLANG_WARN_DEPRECATED_OBJC_IMPLEMENTATIONS = YES;
				CLANG_WARN_DIRECT_OBJC_ISA_USAGE = YES_ERROR;
				CLANG_WARN_DOCUMENTATION_COMMENTS = YES;
				CLANG_WARN_EMPTY_BODY = YES;
				CLANG_WARN_ENUM_CONVERSION = YES;
				CLANG_WARN_INFINITE_RECURSION = YES;
				CLANG_WARN_INT_CONVERSION = YES;
				CLANG_WARN_NON_LITERAL_NULL_CONVERSION = YES;
				CLANG_WARN_OBJC_IMPLICIT_RETAIN_SELF = YES;
				CLANG_WARN_OBJC_LITERAL_CONVERSION = YES;
				CLANG_WARN_OBJC_ROOT_CLASS = YES_ERROR;
				CLANG_WARN_QUOTED_INCLUDE_IN_FRAMEWORK_HEADER = YES;
				CLANG_WARN_RANGE_LOOP_ANALYSIS = YES;
				CLANG_WARN_STRICT_PROTOTYPES = YES;
				CLANG_WARN_SUSPICIOUS_MOVE = YES;
				CLANG_WARN_UNGUARDED_AVAILABILITY = YES_AGGRESSIVE;
				CLANG_WARN_UNREACHABLE_CODE = YES;
				CLANG_WARN__DUPLICATE_METHOD_MATCH = YES;
				COPY_PHASE_STRIP = NO;
				DEBUG_INFORMATION_FORMAT = dwarf;
				ENABLE_STRICT_OBJC_MSGSEND = YES;
				ENABLE_TESTABILITY = YES;
				ENABLE_USER_SCRIPT_SANDBOXING = YES;
				GCC_C_LANGUAGE_STANDARD = gnu17;
				GCC_DYNAMIC_NO_PIC = NO;
				GCC_NO_COMMON_BLOCKS = YES;
				GCC_OPTIMIZATION_LEVEL = 0;
				GCC_PREPROCESSOR_DEFINITIONS = (
					"DEBUG=1",
					"$(inherited)",
				);
				GCC_WARN_64_TO_32_BIT_CONVERSION = YES;
				GCC_WARN_ABOUT_RETURN_TYPE = YES_ERROR;
				GCC_WARN_UNDECLARED_SELECTOR = YES;
				GCC_WARN_UNINITIALIZED_AUTOS = YES_AGGRESSIVE;
				GCC_WARN_UNUSED_FUNCTION = YES;
				GCC_WARN_UNUSED_VARIABLE = YES;
				IPHONEOS_DEPLOYMENT_TARGET = 17.2;
				LOCALIZATION_PREFERS_STRING_CATALOGS = YES;
				MTL_ENABLE_DEBUG_INFO = INCLUDE_SOURCE;
				MTL_FAST_MATH = YES;
				ONLY_ACTIVE_ARCH = YES;
				SDKROOT = iphoneos;
				SWIFT_ACTIVE_COMPILATION_CONDITIONS = "DEBUG $(inherited)";
				SWIFT_OPTIMIZATION_LEVEL = "-Onone";
			};
			name = Debug;
		};
		3F57A5702DEE841000EBB402 /* Release */ = {
			isa = XCBuildConfiguration;
			buildSettings = {
				ALWAYS_SEARCH_USER_PATHS = NO;
				ASSETCATALOG_COMPILER_GENERATE_SWIFT_ASSET_SYMBOL_EXTENSIONS = YES;
				CLANG_ANALYZER_NONNULL = YES;
				CLANG_ANALYZER_NUMBER_OBJECT_CONVERSION = YES_AGGRESSIVE;
				CLANG_CXX_LANGUAGE_STANDARD = "gnu++20";
				CLANG_ENABLE_MODULES = YES;
				CLANG_ENABLE_OBJC_ARC = YES;
				CLANG_ENABLE_OBJC_WEAK = YES;
				CLANG_WARN_BLOCK_CAPTURE_AUTORELEASING = YES;
				CLANG_WARN_BOOL_CONVERSION = YES;
				CLANG_WARN_COMMA = YES;
				CLANG_WARN_CONSTANT_CONVERSION = YES;
				CLANG_WARN_DEPRECATED_OBJC_IMPLEMENTATIONS = YES;
				CLANG_WARN_DIRECT_OBJC_ISA_USAGE = YES_ERROR;
				CLANG_WARN_DOCUMENTATION_COMMENTS = YES;
				CLANG_WARN_EMPTY_BODY = YES;
				CLANG_WARN_ENUM_CONVERSION = YES;
				CLANG_WARN_INFINITE_RECURSION = YES;
				CLANG_WARN_INT_CONVERSION = YES;
				CLANG_WARN_NON_LITERAL_NULL_CONVERSION = YES;
				CLANG_WARN_OBJC_IMPLICIT_RETAIN_SELF = YES;
				CLANG_WARN_OBJC_LITERAL_CONVERSION = YES;
				CLANG_WARN_OBJC_ROOT_CLASS = YES_ERROR;
				CLANG_WARN_QUOTED_INCLUDE_IN_FRAMEWORK_HEADER = YES;
				CLANG_WARN_RANGE_LOOP_ANALYSIS = YES;
				CLANG_WARN_STRICT_PROTOTYPES = YES;
				CLANG_WARN_SUSPICIOUS_MOVE = YES;
				CLANG_WARN_UNGUARDED_AVAILABILITY = YES_AGGRESSIVE;
				CLANG_WARN_UNREACHABLE_CODE = YES;
				CLANG_WARN__DUPLICATE_METHOD_MATCH = YES;
				COPY_PHASE_STRIP = NO;
				DEBUG_INFORMATION_FORMAT = "dwarf-with-dsym";
				ENABLE_NS_ASSERTIONS = NO;
				ENABLE_STRICT_OBJC_MSGSEND = YES;
				ENABLE_USER_SCRIPT_SANDBOXING = YES;
				GCC_C_LANGUAGE_STANDARD = gnu17;
				GCC_NO_COMMON_BLOCKS = YES;
				GCC_WARN_64_TO_32_BIT_CONVERSION = YES;
				GCC_WARN_ABOUT_RETURN_TYPE = YES_ERROR;
				GCC_WARN_UNDECLARED_SELECTOR = YES;
				GCC_WARN_UNINITIALIZED_AUTOS = YES_AGGRESSIVE;
				GCC_WARN_UNUSED_FUNCTION = YES;
				GCC_WARN_UNUSED_VARIABLE = YES;
				IPHONEOS_DEPLOYMENT_TARGET = 17.2;
				LOCALIZATION_PREFERS_STRING_CATALOGS = YES;
				MTL_ENABLE_DEBUG_INFO = NO;
				MTL_FAST_MATH = YES;
				SDKROOT = iphoneos;
				SWIFT_COMPILATION_MODE = wholemodule;
				VALIDATE_PRODUCT = YES;
			};
			name = Release;
		};
		3F57A5722DEE841000EBB402 /* Debug */ = {
			isa = XCBuildConfiguration;
			buildSettings = {
				ASSETCATALOG_COMPILER_APPICON_NAME = AppIcon;
				ASSETCATALOG_COMPILER_GLOBAL_ACCENT_COLOR_NAME = AccentColor;
				CODE_SIGN_STYLE = Automatic;
				CURRENT_PROJECT_VERSION = 1;
				DEVELOPMENT_ASSET_PATHS = "\"Pulsarr/Preview Content\"";
				DEVELOPMENT_TEAM = R5A7SH83S7;
				ENABLE_PREVIEWS = YES;
				GENERATE_INFOPLIST_FILE = YES;
				INFOPLIST_FILE = Pulsarr/Info.plist;
				INFOPLIST_KEY_UIApplicationSceneManifest_Generation = YES;
				INFOPLIST_KEY_UIApplicationSupportsIndirectInputEvents = YES;
				INFOPLIST_KEY_UILaunchScreen_Generation = YES;
				INFOPLIST_KEY_UILaunchStoryboardName = LaunchScreen;
				INFOPLIST_KEY_UISupportedInterfaceOrientations_iPad = "UIInterfaceOrientationPortrait UIInterfaceOrientationPortraitUpsideDown UIInterfaceOrientationLandscapeLeft UIInterfaceOrientationLandscapeRight";
				INFOPLIST_KEY_UISupportedInterfaceOrientations_iPhone = "UIInterfaceOrientationPortrait UIInterfaceOrientationLandscapeLeft UIInterfaceOrientationLandscapeRight";
				LD_RUNPATH_SEARCH_PATHS = (
					"$(inherited)",
					"@executable_path/Frameworks",
				);
				MARKETING_VERSION = 1.0;
				PRODUCT_BUNDLE_IDENTIFIER = com.Pulsarr.Pulsarr;
				PRODUCT_NAME = "$(TARGET_NAME)";
				SWIFT_EMIT_LOC_STRINGS = YES;
				SWIFT_VERSION = 5.0;
				TARGETED_DEVICE_FAMILY = "1,2";
			};
			name = Debug;
		};
		3F57A5732DEE841000EBB402 /* Release */ = {
			isa = XCBuildConfiguration;
			buildSettings = {
				ASSETCATALOG_COMPILER_APPICON_NAME = AppIcon;
				ASSETCATALOG_COMPILER_GLOBAL_ACCENT_COLOR_NAME = AccentColor;
				CODE_SIGN_STYLE = Automatic;
				CURRENT_PROJECT_VERSION = 1;
				DEVELOPMENT_ASSET_PATHS = "\"Pulsarr/Preview Content\"";
				DEVELOPMENT_TEAM = R5A7SH83S7;
				ENABLE_PREVIEWS = YES;
				GENERATE_INFOPLIST_FILE = YES;
				INFOPLIST_FILE = Pulsarr/Info.plist;
				INFOPLIST_KEY_UIApplicationSceneManifest_Generation = YES;
				INFOPLIST_KEY_UIApplicationSupportsIndirectInputEvents = YES;
				INFOPLIST_KEY_UILaunchScreen_Generation = YES;
				INFOPLIST_KEY_UILaunchStoryboardName = LaunchScreen;
				INFOPLIST_KEY_UISupportedInterfaceOrientations_iPad = "UIInterfaceOrientationPortrait UIInterfaceOrientationPortraitUpsideDown UIInterfaceOrientationLandscapeLeft UIInterfaceOrientationLandscapeRight";
				INFOPLIST_KEY_UISupportedInterfaceOrientations_iPhone = "UIInterfaceOrientationPortrait UIInterfaceOrientationLandscapeLeft UIInterfaceOrientationLandscapeRight";
				LD_RUNPATH_SEARCH_PATHS = (
					"$(inherited)",
					"@executable_path/Frameworks",
				);
				MARKETING_VERSION = 1.0;
				PRODUCT_BUNDLE_IDENTIFIER = com.Pulsarr.Pulsarr;
				PRODUCT_NAME = "$(TARGET_NAME)";
				SWIFT_EMIT_LOC_STRINGS = YES;
				SWIFT_VERSION = 5.0;
				TARGETED_DEVICE_FAMILY = "1,2";
			};
			name = Release;
		};
/* End XCBuildConfiguration section */

/* Begin XCConfigurationList section */
		3F57A55E2DEE840D00EBB402 /* Build configuration list for PBXProject "Pulsarr" */ = {
			isa = XCConfigurationList;
			buildConfigurations = (
				3F57A56F2DEE841000EBB402 /* Debug */,
				3F57A5702DEE841000EBB402 /* Release */,
			);
			defaultConfigurationIsVisible = 0;
			defaultConfigurationName = Release;
		};
		3F57A5712DEE841000EBB402 /* Build configuration list for PBXNativeTarget "Pulsarr" */ = {
			isa = XCConfigurationList;
			buildConfigurations = (
				3F57A5722DEE841000EBB402 /* Debug */,
				3F57A5732DEE841000EBB402 /* Release */,
			);
			defaultConfigurationIsVisible = 0;
			defaultConfigurationName = Release;
		};
/* End XCConfigurationList section */

/* Begin XCLocalSwiftPackageReference section */
		3F4870E42DF114FA00A59808 /* XCLocalSwiftPackageReference "Pulsarr/GeneratedAPI" */ = {
			isa = XCLocalSwiftPackageReference;
			relativePath = Pulsarr/GeneratedAPI;
		};
/* End XCLocalSwiftPackageReference section */

/* Begin XCSwiftPackageProductDependency section */
		3F9A0E9B2EC90F11004D25D9 /* OpenAPIClient */ = {
			isa = XCSwiftPackageProductDependency;
			productName = OpenAPIClient;
		};
/* End XCSwiftPackageProductDependency section */
	};
	rootObject = 3F57A55B2DEE840D00EBB402 /* Project object */;
}
